
Microsoft Visual Studio Solution File, Format Version 12.00
# Visual Studio Version 17
VisualStudioVersion = 17.9.34728.123
MinimumVisualStudioVersion = 10.0.40219.1
Project("{9A19103F-16F7-4668-BE54-9A1E7A4F7556}") = "WebApi", "src\WebApi\WebApi.csproj", "{F60BA927-5256-477C-80DD-827D5AF5C7E2}"
EndProject
Project("{2150E333-8FDC-42A3-9474-1A3956D46DE8}") = "src", "src", "{65B37EC0-4EAA-4302-B123-BD819918C40C}"
EndProject
Project("{9A19103F-16F7-4668-BE54-9A1E7A4F7556}") = "Helpers", "src\Helpers\Helpers.csproj", "{F4B53DB9-9F8A-4F18-A35F-5BBB9BE9E3A1}"
EndProject
Project("{9A19103F-16F7-4668-BE54-9A1E7A4F7556}") = "Domain", "src\Domain\Domain.csproj", "{9AB26CC1-D0C0-4214-9852-7BAEF21C01F1}"
EndProject
Project("{2150E333-8FDC-42A3-9474-1A3956D46DE8}") = "tests", "tests", "{BA24970E-6989-41BE-8FFF-202307EC6BE6}"
EndProject
Project("{FAE04EC0-301F-11D3-BF4B-00C04F79EFBC}") = "domain.unitTest", "tests\domain.unitTest\domain.unitTest.csproj", "{6D767C10-957C-4E8B-B40A-8FC7EF209D85}"
EndProject
Project("{9A19103F-16F7-4668-BE54-9A1E7A4F7556}") = "UseCase", "src\UseCase\UseCase.csproj", "{9783892B-4BE2-4533-A1EA-19B1294B82E3}"
EndProject
Project("{2150E333-8FDC-42A3-9474-1A3956D46DE8}") = "Core", "Core", "{B3265BB5-D5A5-474B-8154-04A1F55F5746}"
EndProject
Project("{2150E333-8FDC-42A3-9474-1A3956D46DE8}") = "CrossCutting", "CrossCutting", "{2BD6C093-9C48-4B28-AB3D-509FBA68F423}"
EndProject
Project("{2150E333-8FDC-42A3-9474-1A3956D46DE8}") = "Adapters", "Adapters", "{68D031ED-3270-44E7-AD58-B26AA7DE137E}"
EndProject
Project("{9A19103F-16F7-4668-BE54-9A1E7A4F7556}") = "Infrastructure", "src\Infrastructure\Infrastructure.csproj", "{723044AC-7943-4E77-9FC9-2292CDF6E530}"
EndProject
Global
	GlobalSection(SolutionConfigurationPlatforms) = preSolution
		Debug|Any CPU = Debug|Any CPU
		Release|Any CPU = Release|Any CPU
	EndGlobalSection
	GlobalSection(ProjectConfigurationPlatforms) = postSolution
		{F60BA927-5256-477C-80DD-827D5AF5C7E2}.Debug|Any CPU.ActiveCfg = Debug|Any CPU
		{F60BA927-5256-477C-80DD-827D5AF5C7E2}.Debug|Any CPU.Build.0 = Debug|Any CPU
		{F60BA927-5256-477C-80DD-827D5AF5C7E2}.Release|Any CPU.ActiveCfg = Release|Any CPU
		{F60BA927-5256-477C-80DD-827D5AF5C7E2}.Release|Any CPU.Build.0 = Release|Any CPU
		{F4B53DB9-9F8A-4F18-A35F-5BBB9BE9E3A1}.Debug|Any CPU.ActiveCfg = Debug|Any CPU
		{F4B53DB9-9F8A-4F18-A35F-5BBB9BE9E3A1}.Debug|Any CPU.Build.0 = Debug|Any CPU
		{F4B53DB9-9F8A-4F18-A35F-5BBB9BE9E3A1}.Release|Any CPU.ActiveCfg = Release|Any CPU
		{F4B53DB9-9F8A-4F18-A35F-5BBB9BE9E3A1}.Release|Any CPU.Build.0 = Release|Any CPU
		{9AB26CC1-D0C0-4214-9852-7BAEF21C01F1}.Debug|Any CPU.ActiveCfg = Debug|Any CPU
		{9AB26CC1-D0C0-4214-9852-7BAEF21C01F1}.Debug|Any CPU.Build.0 = Debug|Any CPU
		{9AB26CC1-D0C0-4214-9852-7BAEF21C01F1}.Release|Any CPU.ActiveCfg = Release|Any CPU
		{9AB26CC1-D0C0-4214-9852-7BAEF21C01F1}.Release|Any CPU.Build.0 = Release|Any CPU
		{6D767C10-957C-4E8B-B40A-8FC7EF209D85}.Debug|Any CPU.ActiveCfg = Debug|Any CPU
		{6D767C10-957C-4E8B-B40A-8FC7EF209D85}.Debug|Any CPU.Build.0 = Debug|Any CPU
		{6D767C10-957C-4E8B-B40A-8FC7EF209D85}.Release|Any CPU.ActiveCfg = Release|Any CPU
		{6D767C10-957C-4E8B-B40A-8FC7EF209D85}.Release|Any CPU.Build.0 = Release|Any CPU
		{9783892B-4BE2-4533-A1EA-19B1294B82E3}.Debug|Any CPU.ActiveCfg = Debug|Any CPU
		{9783892B-4BE2-4533-A1EA-19B1294B82E3}.Debug|Any CPU.Build.0 = Debug|Any CPU
		{9783892B-4BE2-4533-A1EA-19B1294B82E3}.Release|Any CPU.ActiveCfg = Release|Any CPU
		{9783892B-4BE2-4533-A1EA-19B1294B82E3}.Release|Any CPU.Build.0 = Release|Any CPU
		{723044AC-7943-4E77-9FC9-2292CDF6E530}.Debug|Any CPU.ActiveCfg = Debug|Any CPU
		{723044AC-7943-4E77-9FC9-2292CDF6E530}.Debug|Any CPU.Build.0 = Debug|Any CPU
		{723044AC-7943-4E77-9FC9-2292CDF6E530}.Release|Any CPU.ActiveCfg = Release|Any CPU
		{723044AC-7943-4E77-9FC9-2292CDF6E530}.Release|Any CPU.Build.0 = Release|Any CPU
	EndGlobalSection
	GlobalSection(SolutionProperties) = preSolution
		HideSolutionNode = FALSE
	EndGlobalSection
	GlobalSection(NestedProjects) = preSolution
		{F60BA927-5256-477C-80DD-827D5AF5C7E2} = {65B37EC0-4EAA-4302-B123-BD819918C40C}
		{F4B53DB9-9F8A-4F18-A35F-5BBB9BE9E3A1} = {2BD6C093-9C48-4B28-AB3D-509FBA68F423}
		{9AB26CC1-D0C0-4214-9852-7BAEF21C01F1} = {B3265BB5-D5A5-474B-8154-04A1F55F5746}
		{6D767C10-957C-4E8B-B40A-8FC7EF209D85} = {BA24970E-6989-41BE-8FFF-202307EC6BE6}
		{9783892B-4BE2-4533-A1EA-19B1294B82E3} = {B3265BB5-D5A5-474B-8154-04A1F55F5746}
		{B3265BB5-D5A5-474B-8154-04A1F55F5746} = {65B37EC0-4EAA-4302-B123-BD819918C40C}
		{2BD6C093-9C48-4B28-AB3D-509FBA68F423} = {65B37EC0-4EAA-4302-B123-BD819918C40C}
		{68D031ED-3270-44E7-AD58-B26AA7DE137E} = {65B37EC0-4EAA-4302-B123-BD819918C40C}
		{723044AC-7943-4E77-9FC9-2292CDF6E530} = {68D031ED-3270-44E7-AD58-B26AA7DE137E}
	EndGlobalSection
	GlobalSection(ExtensibilityGlobals) = postSolution
		SolutionGuid = {4187B776-CE76-4E60-9ACB-75A0B9E096C8}
	EndGlobalSection
EndGlobal
